# THIS IS AN AUTOGENERATED FILE. DO NOT EDIT THIS FILE DIRECTLY.
# yarn lockfile v1


github-login@^1.0.12:
  version "1.0.12"
  resolved "https://registry.yarnpkg.com/github-login/-/github-login-1.0.12.tgz#c3634c59c8f19d4d9d2cc981d00bdbbc4e30019a"
  integrity sha512-CWuVfaM4medkqNi/AwU9+TMxqmxsFa9N0lnZMlKPcrOuQ2fdzuJnybIibl4SS7qYmh3nZvOgwZUYAueKtUYdmQ==

react-github-login@^1.0.3:
  version "1.0.3"
  resolved "https://registry.yarnpkg.com/react-github-login/-/react-github-login-1.0.3.tgz#e3fdc29c1162ecc0704d9fe6096c69d6f53315e7"
  integrity sha1-4/3CnBFi7MBwTZ/mCWxp1vUzFec=

react-login-github@^1.0.6:
  version "1.0.6"
  resolved "https://registry.yarnpkg.com/react-login-github/-/react-login-github-1.0.6.tgz#ee1bad50d985e092d63577fa7d64e92f6d2b7dfd"
  integrity sha512-PImiGIyJdz8MeC2mFZfIakCZEflEKQ6NL/y+RwnrKxmwZ32GFFg6BP8fJDJ90yfjjnFMfGH9tpYfRMf/MXZcGw==

react-simple-oauth2-login@^0.2.0:
  version "0.2.0"
  resolved "https://registry.yarnpkg.com/react-simple-oauth2-login/-/react-simple-oauth2-login-0.2.0.tgz#d09bc3e086978f49c3c7013cbe42590230aa2f0f"
  integrity sha512-rVQJN/ngEpHK9uQl6S7ymtm0o39c7t/kUxjJg6Yy1uL7A9At0YqjhAw1mDVj2ht9EkVGE8QgzYbXZElRC2OeFQ==
